
Microsoft Visual Studio Solution File, Format Version 12.00
# Visual Studio Version 17
VisualStudioVersion = 17.4.33213.308
MinimumVisualStudioVersion = 10.0.40219.1
Project("{9A19103F-16F7-4668-BE54-9A1E7A4F7556}") = "MagicVilla_VillaAPI", "MagicVilla_VillaAPI\MagicVilla_VillaAPI.csproj", "{0AB44D46-3E74-4D3F-B541-40199AF27DF4}"
EndProject
Project("{FAE04EC0-301F-11D3-BF4B-00C04F79EFBC}") = "MagicVilla_Web", "MagicVilla_Web\MagicVilla_Web.csproj", "{A4B7726E-8957-48D1-993B-3B1353AB290E}"
EndProject
Project("{FAE04EC0-301F-11D3-BF4B-00C04F79EFBC}") = "MagicVilla_Utility", "MagicVilla_Utility\MagicVilla_Utility.csproj", "{2C49F8C2-C1EA-4EEB-BEFF-B32CB0D008B9}"
EndProject
Global
	GlobalSection(SolutionConfigurationPlatforms) = preSolution
		Debug|Any CPU = Debug|Any CPU
		Release|Any CPU = Release|Any CPU
	EndGlobalSection
	GlobalSection(ProjectConfigurationPlatforms) = postSolution
		{0AB44D46-3E74-4D3F-B541-40199AF27DF4}.Debug|Any CPU.ActiveCfg = Debug|Any CPU
		{0AB44D46-3E74-4D3F-B541-40199AF27DF4}.Debug|Any CPU.Build.0 = Debug|Any CPU
		{0AB44D46-3E74-4D3F-B541-40199AF27DF4}.Release|Any CPU.ActiveCfg = Release|Any CPU
		{0AB44D46-3E74-4D3F-B541-40199AF27DF4}.Release|Any CPU.Build.0 = Release|Any CPU
		{A4B7726E-8957-48D1-993B-3B1353AB290E}.Debug|Any CPU.ActiveCfg = Debug|Any CPU
		{A4B7726E-8957-48D1-993B-3B1353AB290E}.Debug|Any CPU.Build.0 = Debug|Any CPU
		{A4B7726E-8957-48D1-993B-3B1353AB290E}.Release|Any CPU.ActiveCfg = Release|Any CPU
		{A4B7726E-8957-48D1-993B-3B1353AB290E}.Release|Any CPU.Build.0 = Release|Any CPU
		{2C49F8C2-C1EA-4EEB-BEFF-B32CB0D008B9}.Debug|Any CPU.ActiveCfg = Debug|Any CPU
		{2C49F8C2-C1EA-4EEB-BEFF-B32CB0D008B9}.Debug|Any CPU.Build.0 = Debug|Any CPU
		{2C49F8C2-C1EA-4EEB-BEFF-B32CB0D008B9}.Release|Any CPU.ActiveCfg = Release|Any CPU
		{2C49F8C2-C1EA-4EEB-BEFF-B32CB0D008B9}.Release|Any CPU.Build.0 = Release|Any CPU
	EndGlobalSection
	GlobalSection(SolutionProperties) = preSolution
		HideSolutionNode = FALSE
	EndGlobalSection
	GlobalSection(ExtensibilityGlobals) = postSolution
		SolutionGuid = {8F56E6BD-B669-424F-845C-244557FB3BA4}
	EndGlobalSection
EndGlobal
